
Microsoft Visual Studio Solution File, Format Version 12.00
# Visual Studio Version 16
VisualStudioVersion = 16.0.33214.272
MinimumVisualStudioVersion = 10.0.40219.1
Project("{FAE04EC0-301F-11D3-BF4B-00C04F79EFBC}") = "Calculadora_Ex", "Calculadora_Ex.csproj", "{6459F0C7-1145-4237-BDA9-4407D51E819E}"
EndProject
Global
	GlobalSection(SolutionConfigurationPlatforms) = preSolution
		Debug|Any CPU = Debug|Any CPU
		Release|Any CPU = Release|Any CPU
	EndGlobalSection
	GlobalSection(ProjectConfigurationPlatforms) = postSolution
		{6459F0C7-1145-4237-BDA9-4407D51E819E}.Debug|Any CPU.ActiveCfg = Debug|Any CPU
		{6459F0C7-1145-4237-BDA9-4407D51E819E}.Debug|Any CPU.Build.0 = Debug|Any CPU
		{6459F0C7-1145-4237-BDA9-4407D51E819E}.Release|Any CPU.ActiveCfg = Release|Any CPU
		{6459F0C7-1145-4237-BDA9-4407D51E819E}.Release|Any CPU.Build.0 = Release|Any CPU
	EndGlobalSection
	GlobalSection(SolutionProperties) = preSolution
		HideSolutionNode = FALSE
	EndGlobalSection
	GlobalSection(ExtensibilityGlobals) = postSolution
		SolutionGuid = {149372B1-FA52-4740-8FD6-A266C5C17129}
	EndGlobalSection
EndGlobal
